# This file is automatically @generated by Cargo.
# It is not intended for manual editing.
version = 4

[[package]]
name = "evo-bench"
version = "0.1.0"
dependencies = [
 "evo-codegen-rust",
 "evo-diagnostics",
 "evo-lexer",
 "evo-lowering",
 "evo-parser",
]

[[package]]
name = "evo-cli"
version = "0.1.0"
dependencies = [
 "evo-codegen-rust",
 "evo-diagnostics",
 "evo-formatter",
 "evo-lexer",
 "evo-lowering",
 "evo-parser",
]

[[package]]
name = "evo-codegen-rust"
version = "0.1.0"
dependencies = [
 "evo-lexer",
 "evo-lowering",
 "evo-parser",
]

[[package]]
name = "evo-diagnostics"
version = "0.1.0"
dependencies = [
 "evo-lexer",
]

[[package]]
name = "evo-formatter"
version = "0.1.0"
dependencies = [
 "evo-lexer",
]

[[package]]
name = "evo-lexer"
version = "0.1.0"

[[package]]
name = "evo-lowering"
version = "0.1.0"
dependencies = [
 "evo-diagnostics",
 "evo-lexer",
 "evo-parser",
]

[[package]]
name = "evo-parser"
version = "0.1.0"
dependencies = [
 "evo-lexer",
]
